
Microsoft Visual Studio Solution File, Format Version 12.00
# Visual Studio Version 16
VisualStudioVersion = 16.0.31424.327
MinimumVisualStudioVersion = 10.0.40219.1
Project("{2150E333-8FDC-42A3-9474-1A3956D46DE8}") = "Cafe", "Cafe", "{178A1172-72B4-45E6-BD89-42D175CD3061}"
EndProject
Project("{FAE04EC0-301F-11D3-BF4B-00C04F79EFBC}") = "Cafe_Repository", "Cafe_Repository\Cafe_Repository.csproj", "{4C780E80-54C5-4A78-9CBD-EFD0DD46C0E1}"
EndProject
Project("{FAE04EC0-301F-11D3-BF4B-00C04F79EFBC}") = "Cafe_Console", "CafeConsole\Cafe_Console.csproj", "{F4855F7C-CF9C-443B-A81D-62754ADAB62E}"
EndProject
Project("{FAE04EC0-301F-11D3-BF4B-00C04F79EFBC}") = "Cafe_Test", "Cafe_Test\Cafe_Test.csproj", "{07647D44-EE60-4444-B1DA-761A090A7E09}"
EndProject
Global
	GlobalSection(SolutionConfigurationPlatforms) = preSolution
		Debug|Any CPU = Debug|Any CPU
		Release|Any CPU = Release|Any CPU
	EndGlobalSection
	GlobalSection(ProjectConfigurationPlatforms) = postSolution
		{4C780E80-54C5-4A78-9CBD-EFD0DD46C0E1}.Debug|Any CPU.ActiveCfg = Debug|Any CPU
		{4C780E80-54C5-4A78-9CBD-EFD0DD46C0E1}.Debug|Any CPU.Build.0 = Debug|Any CPU
		{4C780E80-54C5-4A78-9CBD-EFD0DD46C0E1}.Release|Any CPU.ActiveCfg = Release|Any CPU
		{4C780E80-54C5-4A78-9CBD-EFD0DD46C0E1}.Release|Any CPU.Build.0 = Release|Any CPU
		{F4855F7C-CF9C-443B-A81D-62754ADAB62E}.Debug|Any CPU.ActiveCfg = Debug|Any CPU
		{F4855F7C-CF9C-443B-A81D-62754ADAB62E}.Debug|Any CPU.Build.0 = Debug|Any CPU
		{F4855F7C-CF9C-443B-A81D-62754ADAB62E}.Release|Any CPU.ActiveCfg = Release|Any CPU
		{F4855F7C-CF9C-443B-A81D-62754ADAB62E}.Release|Any CPU.Build.0 = Release|Any CPU
		{07647D44-EE60-4444-B1DA-761A090A7E09}.Debug|Any CPU.ActiveCfg = Debug|Any CPU
		{07647D44-EE60-4444-B1DA-761A090A7E09}.Debug|Any CPU.Build.0 = Debug|Any CPU
		{07647D44-EE60-4444-B1DA-761A090A7E09}.Release|Any CPU.ActiveCfg = Release|Any CPU
		{07647D44-EE60-4444-B1DA-761A090A7E09}.Release|Any CPU.Build.0 = Release|Any CPU
	EndGlobalSection
	GlobalSection(SolutionProperties) = preSolution
		HideSolutionNode = FALSE
	EndGlobalSection
	GlobalSection(NestedProjects) = preSolution
		{4C780E80-54C5-4A78-9CBD-EFD0DD46C0E1} = {178A1172-72B4-45E6-BD89-42D175CD3061}
		{F4855F7C-CF9C-443B-A81D-62754ADAB62E} = {178A1172-72B4-45E6-BD89-42D175CD3061}
		{07647D44-EE60-4444-B1DA-761A090A7E09} = {178A1172-72B4-45E6-BD89-42D175CD3061}
	EndGlobalSection
	GlobalSection(ExtensibilityGlobals) = postSolution
		SolutionGuid = {BC4C32AA-4384-437F-A137-A3D3F2117334}
	EndGlobalSection
EndGlobal
