
Microsoft Visual Studio Solution File, Format Version 12.00
# Visual Studio Version 16
VisualStudioVersion = 16.0.31424.327
MinimumVisualStudioVersion = 10.0.40219.1
Project("{2150E333-8FDC-42A3-9474-1A3956D46DE8}") = "Cafe", "Cafe", "{178A1172-72B4-45E6-BD89-42D175CD3061}"
EndProject
Project("{FAE04EC0-301F-11D3-BF4B-00C04F79EFBC}") = "Cafe_Repository", "Cafe_Repository\Cafe_Repository.csproj", "{4C780E80-54C5-4A78-9CBD-EFD0DD46C0E1}"
EndProject
Project("{FAE04EC0-301F-11D3-BF4B-00C04F79EFBC}") = "Cafe_Console", "CafeConsole\Cafe_Console.csproj", "{F4855F7C-CF9C-443B-A81D-62754ADAB62E}"
EndProject
Project("{FAE04EC0-301F-11D3-BF4B-00C04F79EFBC}") = "Cafe_Test", "Cafe_Test\Cafe_Test.csproj", "{07647D44-EE60-4444-B1DA-761A090A7E09}"
EndProject
Project("{2150E333-8FDC-42A3-9474-1A3956D46DE8}") = "Claims", "Claims", "{06EB2340-E738-406C-B74E-843A590397D2}"
EndProject
Project("{FAE04EC0-301F-11D3-BF4B-00C04F79EFBC}") = "Claims_UI", "Claims_UI\Claims_UI.csproj", "{960E6F25-25DC-4F7C-8BAE-9C950C6A6F86}"
EndProject
Project("{FAE04EC0-301F-11D3-BF4B-00C04F79EFBC}") = "Claims_Test", "Claims_Test\Claims_Test.csproj", "{FD8F5D00-B535-45FE-BC66-A96F05D8CA0B}"
EndProject
Project("{FAE04EC0-301F-11D3-BF4B-00C04F79EFBC}") = "Claims_Repository", "Claims_Repository\Claims_Repository.csproj", "{1CCB188B-4C30-4A3A-8684-8396A2987CFE}"
EndProject
Project("{2150E333-8FDC-42A3-9474-1A3956D46DE8}") = "Badges", "Badges", "{F451CF5D-749A-4DFB-B396-05ADE27D033B}"
EndProject
Project("{FAE04EC0-301F-11D3-BF4B-00C04F79EFBC}") = "Badges_Console", "Badges_Console\Badges_Console.csproj", "{997B0112-EC7A-4FC6-B513-50A1D46B17DC}"
EndProject
Project("{FAE04EC0-301F-11D3-BF4B-00C04F79EFBC}") = "Badges_Test", "Badges_Test\Badges_Test.csproj", "{EE03C3D5-CDEB-44E7-9957-B8AB5C7C097C}"
EndProject
Project("{FAE04EC0-301F-11D3-BF4B-00C04F79EFBC}") = "Badges_Repository", "Badges_Repository\Badges_Repository.csproj", "{D04DFF74-A571-4AF1-B143-DE2EEE39DBFB}"
EndProject
Global
	GlobalSection(SolutionConfigurationPlatforms) = preSolution
		Debug|Any CPU = Debug|Any CPU
		Release|Any CPU = Release|Any CPU
	EndGlobalSection
	GlobalSection(ProjectConfigurationPlatforms) = postSolution
		{4C780E80-54C5-4A78-9CBD-EFD0DD46C0E1}.Debug|Any CPU.ActiveCfg = Debug|Any CPU
		{4C780E80-54C5-4A78-9CBD-EFD0DD46C0E1}.Debug|Any CPU.Build.0 = Debug|Any CPU
		{4C780E80-54C5-4A78-9CBD-EFD0DD46C0E1}.Release|Any CPU.ActiveCfg = Release|Any CPU
		{4C780E80-54C5-4A78-9CBD-EFD0DD46C0E1}.Release|Any CPU.Build.0 = Release|Any CPU
		{F4855F7C-CF9C-443B-A81D-62754ADAB62E}.Debug|Any CPU.ActiveCfg = Debug|Any CPU
		{F4855F7C-CF9C-443B-A81D-62754ADAB62E}.Debug|Any CPU.Build.0 = Debug|Any CPU
		{F4855F7C-CF9C-443B-A81D-62754ADAB62E}.Release|Any CPU.ActiveCfg = Release|Any CPU
		{F4855F7C-CF9C-443B-A81D-62754ADAB62E}.Release|Any CPU.Build.0 = Release|Any CPU
		{07647D44-EE60-4444-B1DA-761A090A7E09}.Debug|Any CPU.ActiveCfg = Debug|Any CPU
		{07647D44-EE60-4444-B1DA-761A090A7E09}.Debug|Any CPU.Build.0 = Debug|Any CPU
		{07647D44-EE60-4444-B1DA-761A090A7E09}.Release|Any CPU.ActiveCfg = Release|Any CPU
		{07647D44-EE60-4444-B1DA-761A090A7E09}.Release|Any CPU.Build.0 = Release|Any CPU
		{960E6F25-25DC-4F7C-8BAE-9C950C6A6F86}.Debug|Any CPU.ActiveCfg = Debug|Any CPU
		{960E6F25-25DC-4F7C-8BAE-9C950C6A6F86}.Debug|Any CPU.Build.0 = Debug|Any CPU
		{960E6F25-25DC-4F7C-8BAE-9C950C6A6F86}.Release|Any CPU.ActiveCfg = Release|Any CPU
		{960E6F25-25DC-4F7C-8BAE-9C950C6A6F86}.Release|Any CPU.Build.0 = Release|Any CPU
		{FD8F5D00-B535-45FE-BC66-A96F05D8CA0B}.Debug|Any CPU.ActiveCfg = Debug|Any CPU
		{FD8F5D00-B535-45FE-BC66-A96F05D8CA0B}.Debug|Any CPU.Build.0 = Debug|Any CPU
		{FD8F5D00-B535-45FE-BC66-A96F05D8CA0B}.Release|Any CPU.ActiveCfg = Release|Any CPU
		{FD8F5D00-B535-45FE-BC66-A96F05D8CA0B}.Release|Any CPU.Build.0 = Release|Any CPU
		{1CCB188B-4C30-4A3A-8684-8396A2987CFE}.Debug|Any CPU.ActiveCfg = Debug|Any CPU
		{1CCB188B-4C30-4A3A-8684-8396A2987CFE}.Debug|Any CPU.Build.0 = Debug|Any CPU
		{1CCB188B-4C30-4A3A-8684-8396A2987CFE}.Release|Any CPU.ActiveCfg = Release|Any CPU
		{1CCB188B-4C30-4A3A-8684-8396A2987CFE}.Release|Any CPU.Build.0 = Release|Any CPU
		{997B0112-EC7A-4FC6-B513-50A1D46B17DC}.Debug|Any CPU.ActiveCfg = Debug|Any CPU
		{997B0112-EC7A-4FC6-B513-50A1D46B17DC}.Debug|Any CPU.Build.0 = Debug|Any CPU
		{997B0112-EC7A-4FC6-B513-50A1D46B17DC}.Release|Any CPU.ActiveCfg = Release|Any CPU
		{997B0112-EC7A-4FC6-B513-50A1D46B17DC}.Release|Any CPU.Build.0 = Release|Any CPU
		{EE03C3D5-CDEB-44E7-9957-B8AB5C7C097C}.Debug|Any CPU.ActiveCfg = Debug|Any CPU
		{EE03C3D5-CDEB-44E7-9957-B8AB5C7C097C}.Debug|Any CPU.Build.0 = Debug|Any CPU
		{EE03C3D5-CDEB-44E7-9957-B8AB5C7C097C}.Release|Any CPU.ActiveCfg = Release|Any CPU
		{EE03C3D5-CDEB-44E7-9957-B8AB5C7C097C}.Release|Any CPU.Build.0 = Release|Any CPU
		{D04DFF74-A571-4AF1-B143-DE2EEE39DBFB}.Debug|Any CPU.ActiveCfg = Debug|Any CPU
		{D04DFF74-A571-4AF1-B143-DE2EEE39DBFB}.Debug|Any CPU.Build.0 = Debug|Any CPU
		{D04DFF74-A571-4AF1-B143-DE2EEE39DBFB}.Release|Any CPU.ActiveCfg = Release|Any CPU
		{D04DFF74-A571-4AF1-B143-DE2EEE39DBFB}.Release|Any CPU.Build.0 = Release|Any CPU
	EndGlobalSection
	GlobalSection(SolutionProperties) = preSolution
		HideSolutionNode = FALSE
	EndGlobalSection
	GlobalSection(NestedProjects) = preSolution
		{4C780E80-54C5-4A78-9CBD-EFD0DD46C0E1} = {178A1172-72B4-45E6-BD89-42D175CD3061}
		{F4855F7C-CF9C-443B-A81D-62754ADAB62E} = {178A1172-72B4-45E6-BD89-42D175CD3061}
		{07647D44-EE60-4444-B1DA-761A090A7E09} = {178A1172-72B4-45E6-BD89-42D175CD3061}
		{960E6F25-25DC-4F7C-8BAE-9C950C6A6F86} = {06EB2340-E738-406C-B74E-843A590397D2}
		{FD8F5D00-B535-45FE-BC66-A96F05D8CA0B} = {06EB2340-E738-406C-B74E-843A590397D2}
		{1CCB188B-4C30-4A3A-8684-8396A2987CFE} = {06EB2340-E738-406C-B74E-843A590397D2}
		{997B0112-EC7A-4FC6-B513-50A1D46B17DC} = {F451CF5D-749A-4DFB-B396-05ADE27D033B}
		{EE03C3D5-CDEB-44E7-9957-B8AB5C7C097C} = {F451CF5D-749A-4DFB-B396-05ADE27D033B}
		{D04DFF74-A571-4AF1-B143-DE2EEE39DBFB} = {F451CF5D-749A-4DFB-B396-05ADE27D033B}
	EndGlobalSection
	GlobalSection(ExtensibilityGlobals) = postSolution
		SolutionGuid = {BC4C32AA-4384-437F-A137-A3D3F2117334}
	EndGlobalSection
EndGlobal
